
Microsoft Visual Studio Solution File, Format Version 12.00
# Visual Studio Version 16
VisualStudioVersion = 16.0.30611.23
MinimumVisualStudioVersion = 10.0.40219.1
Project("{9A19103F-16F7-4668-BE54-9A1E7A4F7556}") = "TestApi1", "TestApi1\TestApi1.csproj", "{B489BEFE-B335-4D09-A048-B88F3D2522FD}"
EndProject
Global
	GlobalSection(SolutionConfigurationPlatforms) = preSolution
		Debug|Any CPU = Debug|Any CPU
		Release|Any CPU = Release|Any CPU
	EndGlobalSection
	GlobalSection(ProjectConfigurationPlatforms) = postSolution
		{B489BEFE-B335-4D09-A048-B88F3D2522FD}.Debug|Any CPU.ActiveCfg = Debug|Any CPU
		{B489BEFE-B335-4D09-A048-B88F3D2522FD}.Debug|Any CPU.Build.0 = Debug|Any CPU
		{B489BEFE-B335-4D09-A048-B88F3D2522FD}.Release|Any CPU.ActiveCfg = Release|Any CPU
		{B489BEFE-B335-4D09-A048-B88F3D2522FD}.Release|Any CPU.Build.0 = Release|Any CPU
	EndGlobalSection
	GlobalSection(SolutionProperties) = preSolution
		HideSolutionNode = FALSE
	EndGlobalSection
	GlobalSection(ExtensibilityGlobals) = postSolution
		SolutionGuid = {A03D71A1-1AF0-403C-8135-853DCD0AC83C}
	EndGlobalSection
EndGlobal
